
Microsoft Visual Studio Solution File, Format Version 12.00
# Visual Studio Version 16
VisualStudioVersion = 16.0.28922.388
MinimumVisualStudioVersion = 10.0.40219.1
Project("{2150E333-8FDC-42A3-9474-1A3956D46DE8}") = "4- Datos", "4- Datos", "{39B23548-D3B2-4553-88CD-97343467D6A4}"
EndProject
Project("{2150E333-8FDC-42A3-9474-1A3956D46DE8}") = "3- Negocios", "3- Negocios", "{CA9BEB82-581C-42C3-B1E7-EB018DCB5F72}"
EndProject
Project("{2150E333-8FDC-42A3-9474-1A3956D46DE8}") = "2- Servicios", "2- Servicios", "{472AB0B7-157E-470E-A363-9CB418170E53}"
EndProject
Project("{2150E333-8FDC-42A3-9474-1A3956D46DE8}") = "1- Presentacion", "1- Presentacion", "{6EA71194-F826-47C5-B6E0-26E121D62306}"
EndProject
Project("{FAE04EC0-301F-11D3-BF4B-00C04F79EFBC}") = "Negocios", "Negocios\Negocios.csproj", "{3A0519CF-EB8B-4FC8-B5FE-3FBA1BD35488}"
EndProject
Project("{FAE04EC0-301F-11D3-BF4B-00C04F79EFBC}") = "Presentacion", "Presentacion\Presentacion.csproj", "{C3758492-75A2-4BF7-B378-71B13CB610DA}"
EndProject
Project("{FAE04EC0-301F-11D3-BF4B-00C04F79EFBC}") = "ServicioBanco", "ServicioBanco\ServicioBanco.csproj", "{D2A5716D-9EF3-4D31-A98F-250810213C2F}"
EndProject
Project("{FAE04EC0-301F-11D3-BF4B-00C04F79EFBC}") = "Datos", "Datos\Datos.csproj", "{63A89DC8-74C6-45AF-9B61-FFF28BD28AFE}"
EndProject
Project("{2150E333-8FDC-42A3-9474-1A3956D46DE8}") = "WPF", "WPF", "{D61717F5-A0A8-405F-BC4A-82EE2014ED61}"
EndProject
Project("{2150E333-8FDC-42A3-9474-1A3956D46DE8}") = "5- Utilities", "5- Utilities", "{D3515BB3-8F36-4AA0-A1AF-B7D97110870C}"
EndProject
Project("{FAE04EC0-301F-11D3-BF4B-00C04F79EFBC}") = "Helpers", "Helpers\Helpers.csproj", "{795BC518-7AA6-4156-BB25-4634FEAE822C}"
EndProject
Project("{2150E333-8FDC-42A3-9474-1A3956D46DE8}") = "6- Pruebas", "6- Pruebas", "{B8EE0836-0D42-4FEA-AF50-1CECCF65A04F}"
EndProject
Project("{FAE04EC0-301F-11D3-BF4B-00C04F79EFBC}") = "NegociosTest", "NegociosTest\NegociosTest.csproj", "{848971BE-EA61-46F7-A77D-A548DAF1CAE3}"
EndProject
Global
	GlobalSection(SolutionConfigurationPlatforms) = preSolution
		Debug|Any CPU = Debug|Any CPU
		Release|Any CPU = Release|Any CPU
	EndGlobalSection
	GlobalSection(ProjectConfigurationPlatforms) = postSolution
		{3A0519CF-EB8B-4FC8-B5FE-3FBA1BD35488}.Debug|Any CPU.ActiveCfg = Debug|Any CPU
		{3A0519CF-EB8B-4FC8-B5FE-3FBA1BD35488}.Debug|Any CPU.Build.0 = Debug|Any CPU
		{3A0519CF-EB8B-4FC8-B5FE-3FBA1BD35488}.Release|Any CPU.ActiveCfg = Release|Any CPU
		{3A0519CF-EB8B-4FC8-B5FE-3FBA1BD35488}.Release|Any CPU.Build.0 = Release|Any CPU
		{C3758492-75A2-4BF7-B378-71B13CB610DA}.Debug|Any CPU.ActiveCfg = Debug|Any CPU
		{C3758492-75A2-4BF7-B378-71B13CB610DA}.Debug|Any CPU.Build.0 = Debug|Any CPU
		{C3758492-75A2-4BF7-B378-71B13CB610DA}.Release|Any CPU.ActiveCfg = Release|Any CPU
		{C3758492-75A2-4BF7-B378-71B13CB610DA}.Release|Any CPU.Build.0 = Release|Any CPU
		{D2A5716D-9EF3-4D31-A98F-250810213C2F}.Debug|Any CPU.ActiveCfg = Debug|Any CPU
		{D2A5716D-9EF3-4D31-A98F-250810213C2F}.Debug|Any CPU.Build.0 = Debug|Any CPU
		{D2A5716D-9EF3-4D31-A98F-250810213C2F}.Release|Any CPU.ActiveCfg = Release|Any CPU
		{D2A5716D-9EF3-4D31-A98F-250810213C2F}.Release|Any CPU.Build.0 = Release|Any CPU
		{63A89DC8-74C6-45AF-9B61-FFF28BD28AFE}.Debug|Any CPU.ActiveCfg = Debug|Any CPU
		{63A89DC8-74C6-45AF-9B61-FFF28BD28AFE}.Debug|Any CPU.Build.0 = Debug|Any CPU
		{63A89DC8-74C6-45AF-9B61-FFF28BD28AFE}.Release|Any CPU.ActiveCfg = Release|Any CPU
		{63A89DC8-74C6-45AF-9B61-FFF28BD28AFE}.Release|Any CPU.Build.0 = Release|Any CPU
		{795BC518-7AA6-4156-BB25-4634FEAE822C}.Debug|Any CPU.ActiveCfg = Debug|Any CPU
		{795BC518-7AA6-4156-BB25-4634FEAE822C}.Debug|Any CPU.Build.0 = Debug|Any CPU
		{795BC518-7AA6-4156-BB25-4634FEAE822C}.Release|Any CPU.ActiveCfg = Release|Any CPU
		{795BC518-7AA6-4156-BB25-4634FEAE822C}.Release|Any CPU.Build.0 = Release|Any CPU
		{848971BE-EA61-46F7-A77D-A548DAF1CAE3}.Debug|Any CPU.ActiveCfg = Debug|Any CPU
		{848971BE-EA61-46F7-A77D-A548DAF1CAE3}.Debug|Any CPU.Build.0 = Debug|Any CPU
		{848971BE-EA61-46F7-A77D-A548DAF1CAE3}.Release|Any CPU.ActiveCfg = Release|Any CPU
		{848971BE-EA61-46F7-A77D-A548DAF1CAE3}.Release|Any CPU.Build.0 = Release|Any CPU
	EndGlobalSection
	GlobalSection(SolutionProperties) = preSolution
		HideSolutionNode = FALSE
	EndGlobalSection
	GlobalSection(NestedProjects) = preSolution
		{3A0519CF-EB8B-4FC8-B5FE-3FBA1BD35488} = {CA9BEB82-581C-42C3-B1E7-EB018DCB5F72}
		{C3758492-75A2-4BF7-B378-71B13CB610DA} = {D61717F5-A0A8-405F-BC4A-82EE2014ED61}
		{D2A5716D-9EF3-4D31-A98F-250810213C2F} = {472AB0B7-157E-470E-A363-9CB418170E53}
		{63A89DC8-74C6-45AF-9B61-FFF28BD28AFE} = {39B23548-D3B2-4553-88CD-97343467D6A4}
		{D61717F5-A0A8-405F-BC4A-82EE2014ED61} = {6EA71194-F826-47C5-B6E0-26E121D62306}
		{795BC518-7AA6-4156-BB25-4634FEAE822C} = {D3515BB3-8F36-4AA0-A1AF-B7D97110870C}
		{848971BE-EA61-46F7-A77D-A548DAF1CAE3} = {B8EE0836-0D42-4FEA-AF50-1CECCF65A04F}
	EndGlobalSection
	GlobalSection(ExtensibilityGlobals) = postSolution
		SolutionGuid = {CFF0AF2F-9F7B-4DA3-B725-FE5BF5DE48F9}
	EndGlobalSection
EndGlobal
